// !$*UTF8*$!
{
	archiveVersion = 1;
	classes = {
	};
	objectVersion = 46;
	objects = {

/* Begin PBXBuildFile section */
		AEDA67A554A2296637CBFE3E /* Pods.framework in Frameworks */ = {isa = PBXBuildFile; fileRef = C23CF07BE7C2657E6AFDF80E /* Pods.framework */; };
		BB23726E1CE1D33500ED4065 /* GalleryInteractorInput.swift in Sources */ = {isa = PBXBuildFile; fileRef = BB23726D1CE1D33500ED4065 /* GalleryInteractorInput.swift */; };
		BB2372701CE1D34200ED4065 /* GalleryInteractorOutput.swift in Sources */ = {isa = PBXBuildFile; fileRef = BB23726F1CE1D34200ED4065 /* GalleryInteractorOutput.swift */; };
		BB2372721CE1D86D00ED4065 /* GalleryDataManager.swift in Sources */ = {isa = PBXBuildFile; fileRef = BB2372711CE1D86D00ED4065 /* GalleryDataManager.swift */; };
		BB2372771CE1DDB100ED4065 /* Gif.swift in Sources */ = {isa = PBXBuildFile; fileRef = BB2372761CE1DDB100ED4065 /* Gif.swift */; };
		BB2372791CE1DF5B00ED4065 /* GalleryManagerProtocol.swift in Sources */ = {isa = PBXBuildFile; fileRef = BB2372781CE1DF5B00ED4065 /* GalleryManagerProtocol.swift */; };
		BB23727B1CE1DFD800ED4065 /* Network.swift in Sources */ = {isa = PBXBuildFile; fileRef = BB23727A1CE1DFD800ED4065 /* Network.swift */; };
		BB23727E1CE1E8B300ED4065 /* GalleryService.swift in Sources */ = {isa = PBXBuildFile; fileRef = BB23727D1CE1E8B300ED4065 /* GalleryService.swift */; };
		BB86CD791CE22CB800EFDEAE /* GalleryViewDatasource.swift in Sources */ = {isa = PBXBuildFile; fileRef = BB86CD781CE22CB800EFDEAE /* GalleryViewDatasource.swift */; };
		BB86CD7C1CE22D2200EFDEAE /* GalleryCollectionViewCell.swift in Sources */ = {isa = PBXBuildFile; fileRef = BB86CD7A1CE22D2200EFDEAE /* GalleryCollectionViewCell.swift */; };
		BB86CD7D1CE22D2200EFDEAE /* GalleryCollectionViewCell.xib in Resources */ = {isa = PBXBuildFile; fileRef = BB86CD7B1CE22D2200EFDEAE /* GalleryCollectionViewCell.xib */; };
		BB86CD801CE22DD400EFDEAE /* GalleryCellProtocol.swift in Sources */ = {isa = PBXBuildFile; fileRef = BB86CD7F1CE22DD400EFDEAE /* GalleryCellProtocol.swift */; };
		BB86CD8C1CE2412200EFDEAE /* ShareViewController.swift in Sources */ = {isa = PBXBuildFile; fileRef = BB86CD8B1CE2412200EFDEAE /* ShareViewController.swift */; };
		BB86CD8E1CE2413500EFDEAE /* ShareWireframe.swift in Sources */ = {isa = PBXBuildFile; fileRef = BB86CD8D1CE2413500EFDEAE /* ShareWireframe.swift */; };
		BB86CD901CE2414100EFDEAE /* SharePresenter.swift in Sources */ = {isa = PBXBuildFile; fileRef = BB86CD8F1CE2414100EFDEAE /* SharePresenter.swift */; };
		BB86CD921CE2416200EFDEAE /* ShareModuleInterface.swift in Sources */ = {isa = PBXBuildFile; fileRef = BB86CD911CE2416200EFDEAE /* ShareModuleInterface.swift */; };
		BB86CD941CE2417A00EFDEAE /* ShareInteractor.swift in Sources */ = {isa = PBXBuildFile; fileRef = BB86CD931CE2417A00EFDEAE /* ShareInteractor.swift */; };
		BB86CD961CE2425000EFDEAE /* ShareInteractorInput.swift in Sources */ = {isa = PBXBuildFile; fileRef = BB86CD951CE2425000EFDEAE /* ShareInteractorInput.swift */; };
		BB86CD981CE2425C00EFDEAE /* ShareInteractorOutput.swift in Sources */ = {isa = PBXBuildFile; fileRef = BB86CD971CE2425C00EFDEAE /* ShareInteractorOutput.swift */; };
		BB86CD9A1CE242F700EFDEAE /* ShareViewInterface.swift in Sources */ = {isa = PBXBuildFile; fileRef = BB86CD991CE242F700EFDEAE /* ShareViewInterface.swift */; };
		BB86CD9F1CE2C1D500EFDEAE /* libWeChatSDK.a in Frameworks */ = {isa = PBXBuildFile; fileRef = BB86CD9C1CE2C1D500EFDEAE /* libWeChatSDK.a */; };
		BB86CDA31CE2C5B700EFDEAE /* ShareDataManager.swift in Sources */ = {isa = PBXBuildFile; fileRef = BB86CDA21CE2C5B700EFDEAE /* ShareDataManager.swift */; };
		BB86CDA51CE2C5BE00EFDEAE /* ShareProtocol.swift in Sources */ = {isa = PBXBuildFile; fileRef = BB86CDA41CE2C5BE00EFDEAE /* ShareProtocol.swift */; };
		BBF44CD41CE063BA005B5CC5 /* AppDelegate.swift in Sources */ = {isa = PBXBuildFile; fileRef = BBF44CD31CE063BA005B5CC5 /* AppDelegate.swift */; };
		BBF44CD91CE063BA005B5CC5 /* Main.storyboard in Resources */ = {isa = PBXBuildFile; fileRef = BBF44CD71CE063BA005B5CC5 /* Main.storyboard */; };
		BBF44CDB1CE063BA005B5CC5 /* Assets.xcassets in Resources */ = {isa = PBXBuildFile; fileRef = BBF44CDA1CE063BA005B5CC5 /* Assets.xcassets */; };
		BBF44CDE1CE063BA005B5CC5 /* LaunchScreen.storyboard in Resources */ = {isa = PBXBuildFile; fileRef = BBF44CDC1CE063BA005B5CC5 /* LaunchScreen.storyboard */; };
		BBF44CE91CE063BA005B5CC5 /* wegifTests.swift in Sources */ = {isa = PBXBuildFile; fileRef = BBF44CE81CE063BA005B5CC5 /* wegifTests.swift */; };
		BBF44CF41CE065C2005B5CC5 /* AppDependencies.swift in Sources */ = {isa = PBXBuildFile; fileRef = BBF44CF31CE065C2005B5CC5 /* AppDependencies.swift */; };
		BBF44D011CE08027005B5CC5 /* GalleryViewController.swift in Sources */ = {isa = PBXBuildFile; fileRef = BBF44D001CE08027005B5CC5 /* GalleryViewController.swift */; };
		BBF44D031CE08350005B5CC5 /* GalleryPresenter.swift in Sources */ = {isa = PBXBuildFile; fileRef = BBF44D021CE08350005B5CC5 /* GalleryPresenter.swift */; };
		BBF44D071CE083E3005B5CC5 /* GalleryInteractor.swift in Sources */ = {isa = PBXBuildFile; fileRef = BBF44D061CE083E3005B5CC5 /* GalleryInteractor.swift */; };
		BBF44D091CE0842E005B5CC5 /* GalleryViewInterface.swift in Sources */ = {isa = PBXBuildFile; fileRef = BBF44D081CE0842E005B5CC5 /* GalleryViewInterface.swift */; };
		BBF44D0B1CE084EF005B5CC5 /* GalleryModuleInterface.swift in Sources */ = {isa = PBXBuildFile; fileRef = BBF44D0A1CE084EF005B5CC5 /* GalleryModuleInterface.swift */; };
		BBF44D0D1CE0F1FD005B5CC5 /* GalleryWireframe.swift in Sources */ = {isa = PBXBuildFile; fileRef = BBF44D0C1CE0F1FD005B5CC5 /* GalleryWireframe.swift */; };
		BBF44D101CE0F519005B5CC5 /* UIViewController+Extensions.swift in Sources */ = {isa = PBXBuildFile; fileRef = BBF44D0F1CE0F519005B5CC5 /* UIViewController+Extensions.swift */; };
/* End PBXBuildFile section */

/* Begin PBXContainerItemProxy section */
		BBF44CE51CE063BA005B5CC5 /* PBXContainerItemProxy */ = {
			isa = PBXContainerItemProxy;
			containerPortal = BBF44CC81CE063B9005B5CC5 /* Project object */;
			proxyType = 1;
			remoteGlobalIDString = BBF44CCF1CE063B9005B5CC5;
			remoteInfo = wegif;
		};
/* End PBXContainerItemProxy section */

/* Begin PBXFileReference section */
		3CF1277EC9C507F0BE1ABA53 /* Pods.release.xcconfig */ = {isa = PBXFileReference; includeInIndex = 1; lastKnownFileType = text.xcconfig; name = Pods.release.xcconfig; path = "Pods/Target Support Files/Pods/Pods.release.xcconfig"; sourceTree = "<group>"; };
		685719388FA1F0616160E4B9 /* Pods.debug.xcconfig */ = {isa = PBXFileReference; includeInIndex = 1; lastKnownFileType = text.xcconfig; name = Pods.debug.xcconfig; path = "Pods/Target Support Files/Pods/Pods.debug.xcconfig"; sourceTree = "<group>"; };
		BB23726D1CE1D33500ED4065 /* GalleryInteractorInput.swift */ = {isa = PBXFileReference; fileEncoding = 4; lastKnownFileType = sourcecode.swift; path = GalleryInteractorInput.swift; sourceTree = "<group>"; };
		BB23726F1CE1D34200ED4065 /* GalleryInteractorOutput.swift */ = {isa = PBXFileReference; fileEncoding = 4; lastKnownFileType = sourcecode.swift; path = GalleryInteractorOutput.swift; sourceTree = "<group>"; };
		BB2372711CE1D86D00ED4065 /* GalleryDataManager.swift */ = {isa = PBXFileReference; fileEncoding = 4; lastKnownFileType = sourcecode.swift; path = GalleryDataManager.swift; sourceTree = "<group>"; };
		BB2372761CE1DDB100ED4065 /* Gif.swift */ = {isa = PBXFileReference; fileEncoding = 4; lastKnownFileType = sourcecode.swift; path = Gif.swift; sourceTree = "<group>"; };
		BB2372781CE1DF5B00ED4065 /* GalleryManagerProtocol.swift */ = {isa = PBXFileReference; fileEncoding = 4; lastKnownFileType = sourcecode.swift; path = GalleryManagerProtocol.swift; sourceTree = "<group>"; };
		BB23727A1CE1DFD800ED4065 /* Network.swift */ = {isa = PBXFileReference; fileEncoding = 4; lastKnownFileType = sourcecode.swift; path = Network.swift; sourceTree = "<group>"; };
		BB23727D1CE1E8B300ED4065 /* GalleryService.swift */ = {isa = PBXFileReference; fileEncoding = 4; lastKnownFileType = sourcecode.swift; path = GalleryService.swift; sourceTree = "<group>"; };
		BB86CD781CE22CB800EFDEAE /* GalleryViewDatasource.swift */ = {isa = PBXFileReference; fileEncoding = 4; lastKnownFileType = sourcecode.swift; path = GalleryViewDatasource.swift; sourceTree = "<group>"; };
		BB86CD7A1CE22D2200EFDEAE /* GalleryCollectionViewCell.swift */ = {isa = PBXFileReference; fileEncoding = 4; lastKnownFileType = sourcecode.swift; path = GalleryCollectionViewCell.swift; sourceTree = "<group>"; };
		BB86CD7B1CE22D2200EFDEAE /* GalleryCollectionViewCell.xib */ = {isa = PBXFileReference; fileEncoding = 4; lastKnownFileType = file.xib; path = GalleryCollectionViewCell.xib; sourceTree = "<group>"; };
		BB86CD7F1CE22DD400EFDEAE /* GalleryCellProtocol.swift */ = {isa = PBXFileReference; fileEncoding = 4; lastKnownFileType = sourcecode.swift; path = GalleryCellProtocol.swift; sourceTree = "<group>"; };
		BB86CD8B1CE2412200EFDEAE /* ShareViewController.swift */ = {isa = PBXFileReference; fileEncoding = 4; lastKnownFileType = sourcecode.swift; path = ShareViewController.swift; sourceTree = "<group>"; };
		BB86CD8D1CE2413500EFDEAE /* ShareWireframe.swift */ = {isa = PBXFileReference; fileEncoding = 4; lastKnownFileType = sourcecode.swift; path = ShareWireframe.swift; sourceTree = "<group>"; };
		BB86CD8F1CE2414100EFDEAE /* SharePresenter.swift */ = {isa = PBXFileReference; fileEncoding = 4; lastKnownFileType = sourcecode.swift; path = SharePresenter.swift; sourceTree = "<group>"; };
		BB86CD911CE2416200EFDEAE /* ShareModuleInterface.swift */ = {isa = PBXFileReference; fileEncoding = 4; lastKnownFileType = sourcecode.swift; path = ShareModuleInterface.swift; sourceTree = "<group>"; };
		BB86CD931CE2417A00EFDEAE /* ShareInteractor.swift */ = {isa = PBXFileReference; fileEncoding = 4; lastKnownFileType = sourcecode.swift; path = ShareInteractor.swift; sourceTree = "<group>"; };
		BB86CD951CE2425000EFDEAE /* ShareInteractorInput.swift */ = {isa = PBXFileReference; fileEncoding = 4; lastKnownFileType = sourcecode.swift; path = ShareInteractorInput.swift; sourceTree = "<group>"; };
		BB86CD971CE2425C00EFDEAE /* ShareInteractorOutput.swift */ = {isa = PBXFileReference; fileEncoding = 4; lastKnownFileType = sourcecode.swift; path = ShareInteractorOutput.swift; sourceTree = "<group>"; };
		BB86CD991CE242F700EFDEAE /* ShareViewInterface.swift */ = {isa = PBXFileReference; fileEncoding = 4; lastKnownFileType = sourcecode.swift; path = ShareViewInterface.swift; sourceTree = "<group>"; };
		BB86CD9C1CE2C1D500EFDEAE /* libWeChatSDK.a */ = {isa = PBXFileReference; lastKnownFileType = archive.ar; path = libWeChatSDK.a; sourceTree = "<group>"; };
		BB86CD9D1CE2C1D500EFDEAE /* WXApi.h */ = {isa = PBXFileReference; fileEncoding = 4; lastKnownFileType = sourcecode.c.h; path = WXApi.h; sourceTree = "<group>"; };
		BB86CD9E1CE2C1D500EFDEAE /* WXApiObject.h */ = {isa = PBXFileReference; fileEncoding = 4; lastKnownFileType = sourcecode.c.h; path = WXApiObject.h; sourceTree = "<group>"; };
		BB86CDA11CE2C1F700EFDEAE /* wegif-Bridging-Header.h */ = {isa = PBXFileReference; fileEncoding = 4; lastKnownFileType = sourcecode.c.h; path = "wegif-Bridging-Header.h"; sourceTree = "<group>"; };
		BB86CDA21CE2C5B700EFDEAE /* ShareDataManager.swift */ = {isa = PBXFileReference; fileEncoding = 4; lastKnownFileType = sourcecode.swift; path = ShareDataManager.swift; sourceTree = "<group>"; };
		BB86CDA41CE2C5BE00EFDEAE /* ShareProtocol.swift */ = {isa = PBXFileReference; fileEncoding = 4; lastKnownFileType = sourcecode.swift; path = ShareProtocol.swift; sourceTree = "<group>"; };
		BBF44CD01CE063BA005B5CC5 /* wegif.app */ = {isa = PBXFileReference; explicitFileType = wrapper.application; includeInIndex = 0; path = wegif.app; sourceTree = BUILT_PRODUCTS_DIR; };
		BBF44CD31CE063BA005B5CC5 /* AppDelegate.swift */ = {isa = PBXFileReference; lastKnownFileType = sourcecode.swift; path = AppDelegate.swift; sourceTree = "<group>"; };
		BBF44CD81CE063BA005B5CC5 /* Base */ = {isa = PBXFileReference; lastKnownFileType = file.storyboard; name = Base; path = Base.lproj/Main.storyboard; sourceTree = "<group>"; };
		BBF44CDA1CE063BA005B5CC5 /* Assets.xcassets */ = {isa = PBXFileReference; lastKnownFileType = folder.assetcatalog; path = Assets.xcassets; sourceTree = "<group>"; };
		BBF44CDD1CE063BA005B5CC5 /* Base */ = {isa = PBXFileReference; lastKnownFileType = file.storyboard; name = Base; path = Base.lproj/LaunchScreen.storyboard; sourceTree = "<group>"; };
		BBF44CDF1CE063BA005B5CC5 /* Info.plist */ = {isa = PBXFileReference; lastKnownFileType = text.plist.xml; path = Info.plist; sourceTree = "<group>"; };
		BBF44CE41CE063BA005B5CC5 /* wegifTests.xctest */ = {isa = PBXFileReference; explicitFileType = wrapper.cfbundle; includeInIndex = 0; path = wegifTests.xctest; sourceTree = BUILT_PRODUCTS_DIR; };
		BBF44CE81CE063BA005B5CC5 /* wegifTests.swift */ = {isa = PBXFileReference; lastKnownFileType = sourcecode.swift; path = wegifTests.swift; sourceTree = "<group>"; };
		BBF44CEA1CE063BA005B5CC5 /* Info.plist */ = {isa = PBXFileReference; lastKnownFileType = text.plist.xml; path = Info.plist; sourceTree = "<group>"; };
		BBF44CF31CE065C2005B5CC5 /* AppDependencies.swift */ = {isa = PBXFileReference; fileEncoding = 4; lastKnownFileType = sourcecode.swift; path = AppDependencies.swift; sourceTree = "<group>"; };
		BBF44D001CE08027005B5CC5 /* GalleryViewController.swift */ = {isa = PBXFileReference; fileEncoding = 4; lastKnownFileType = sourcecode.swift; path = GalleryViewController.swift; sourceTree = "<group>"; };
		BBF44D021CE08350005B5CC5 /* GalleryPresenter.swift */ = {isa = PBXFileReference; fileEncoding = 4; lastKnownFileType = sourcecode.swift; path = GalleryPresenter.swift; sourceTree = "<group>"; };
		BBF44D061CE083E3005B5CC5 /* GalleryInteractor.swift */ = {isa = PBXFileReference; fileEncoding = 4; lastKnownFileType = sourcecode.swift; path = GalleryInteractor.swift; sourceTree = "<group>"; };
		BBF44D081CE0842E005B5CC5 /* GalleryViewInterface.swift */ = {isa = PBXFileReference; fileEncoding = 4; lastKnownFileType = sourcecode.swift; path = GalleryViewInterface.swift; sourceTree = "<group>"; };
		BBF44D0A1CE084EF005B5CC5 /* GalleryModuleInterface.swift */ = {isa = PBXFileReference; fileEncoding = 4; lastKnownFileType = sourcecode.swift; path = GalleryModuleInterface.swift; sourceTree = "<group>"; };
		BBF44D0C1CE0F1FD005B5CC5 /* GalleryWireframe.swift */ = {isa = PBXFileReference; fileEncoding = 4; lastKnownFileType = sourcecode.swift; path = GalleryWireframe.swift; sourceTree = "<group>"; };
		BBF44D0F1CE0F519005B5CC5 /* UIViewController+Extensions.swift */ = {isa = PBXFileReference; fileEncoding = 4; lastKnownFileType = sourcecode.swift; path = "UIViewController+Extensions.swift"; sourceTree = "<group>"; };
		C23CF07BE7C2657E6AFDF80E /* Pods.framework */ = {isa = PBXFileReference; explicitFileType = wrapper.framework; includeInIndex = 0; path = Pods.framework; sourceTree = BUILT_PRODUCTS_DIR; };
/* End PBXFileReference section */

/* Begin PBXFrameworksBuildPhase section */
		BBF44CCD1CE063B9005B5CC5 /* Frameworks */ = {
			isa = PBXFrameworksBuildPhase;
			buildActionMask = 2147483647;
			files = (
				BB86CD9F1CE2C1D500EFDEAE /* libWeChatSDK.a in Frameworks */,
				AEDA67A554A2296637CBFE3E /* Pods.framework in Frameworks */,
			);
			runOnlyForDeploymentPostprocessing = 0;
		};
		BBF44CE11CE063BA005B5CC5 /* Frameworks */ = {
			isa = PBXFrameworksBuildPhase;
			buildActionMask = 2147483647;
			files = (
			);
			runOnlyForDeploymentPostprocessing = 0;
		};
/* End PBXFrameworksBuildPhase section */

/* Begin PBXGroup section */
		719E216BAEC33E3E3E55E361 /* Pods */ = {
			isa = PBXGroup;
			children = (
				685719388FA1F0616160E4B9 /* Pods.debug.xcconfig */,
				3CF1277EC9C507F0BE1ABA53 /* Pods.release.xcconfig */,
			);
			name = Pods;
			sourceTree = "<group>";
		};
		B476AECDFA2E0524A08D04FA /* Frameworks */ = {
			isa = PBXGroup;
			children = (
				C23CF07BE7C2657E6AFDF80E /* Pods.framework */,
			);
			name = Frameworks;
			sourceTree = "<group>";
		};
		BB23727C1CE1DFDB00ED4065 /* Network */ = {
			isa = PBXGroup;
			children = (
				BB23727A1CE1DFD800ED4065 /* Network.swift */,
			);
			name = Network;
			sourceTree = "<group>";
		};
		BB23727F1CE1E8B800ED4065 /* Service */ = {
			isa = PBXGroup;
			children = (
				BB23727D1CE1E8B300ED4065 /* GalleryService.swift */,
			);
			name = Service;
			sourceTree = "<group>";
		};
		BB86CD7E1CE22D2600EFDEAE /* Cell */ = {
			isa = PBXGroup;
			children = (
				BB86CD7F1CE22DD400EFDEAE /* GalleryCellProtocol.swift */,
				BB86CD7A1CE22D2200EFDEAE /* GalleryCollectionViewCell.swift */,
				BB86CD7B1CE22D2200EFDEAE /* GalleryCollectionViewCell.xib */,
			);
			name = Cell;
			sourceTree = "<group>";
		};
		BB86CD811CE238C100EFDEAE /* Sharing */ = {
			isa = PBXGroup;
			children = (
				BB86CD841CE238EC00EFDEAE /* Application Logic */,
				BB86CD831CE238E300EFDEAE /* Module Interface */,
				BB86CD821CE238D700EFDEAE /* User Interface */,
			);
			name = Sharing;
			sourceTree = "<group>";
		};
		BB86CD821CE238D700EFDEAE /* User Interface */ = {
			isa = PBXGroup;
			children = (
				BB86CD851CE238FF00EFDEAE /* Presenter */,
				BB86CD861CE2390400EFDEAE /* View */,
				BB86CD871CE2390B00EFDEAE /* Wireframe */,
			);
			name = "User Interface";
			sourceTree = "<group>";
		};
		BB86CD831CE238E300EFDEAE /* Module Interface */ = {
			isa = PBXGroup;
			children = (
				BB86CD911CE2416200EFDEAE /* ShareModuleInterface.swift */,
			);
			name = "Module Interface";
			sourceTree = "<group>";
		};
		BB86CD841CE238EC00EFDEAE /* Application Logic */ = {
			isa = PBXGroup;
			children = (
				BB86CD881CE2392000EFDEAE /* Interactor */,
				BB86CD891CE2392F00EFDEAE /* Manager */,
			);
			name = "Application Logic";
			sourceTree = "<group>";
		};
		BB86CD851CE238FF00EFDEAE /* Presenter */ = {
			isa = PBXGroup;
			children = (
				BB86CD8F1CE2414100EFDEAE /* SharePresenter.swift */,
			);
			name = Presenter;
			sourceTree = "<group>";
		};
		BB86CD861CE2390400EFDEAE /* View */ = {
			isa = PBXGroup;
			children = (
				BB86CD8B1CE2412200EFDEAE /* ShareViewController.swift */,
				BB86CD991CE242F700EFDEAE /* ShareViewInterface.swift */,
			);
			name = View;
			sourceTree = "<group>";
		};
		BB86CD871CE2390B00EFDEAE /* Wireframe */ = {
			isa = PBXGroup;
			children = (
				BB86CD8D1CE2413500EFDEAE /* ShareWireframe.swift */,
			);
			name = Wireframe;
			sourceTree = "<group>";
		};
		BB86CD881CE2392000EFDEAE /* Interactor */ = {
			isa = PBXGroup;
			children = (
				BB86CD931CE2417A00EFDEAE /* ShareInteractor.swift */,
				BB86CD951CE2425000EFDEAE /* ShareInteractorInput.swift */,
				BB86CD971CE2425C00EFDEAE /* ShareInteractorOutput.swift */,
			);
			name = Interactor;
			sourceTree = "<group>";
		};
		BB86CD891CE2392F00EFDEAE /* Manager */ = {
			isa = PBXGroup;
			children = (
				BB86CDA21CE2C5B700EFDEAE /* ShareDataManager.swift */,
				BB86CDA41CE2C5BE00EFDEAE /* ShareProtocol.swift */,
			);
			name = Manager;
			sourceTree = "<group>";
		};
		BB86CD9B1CE2B8BF00EFDEAE /* Model */ = {
			isa = PBXGroup;
			children = (
				BB2372761CE1DDB100ED4065 /* Gif.swift */,
			);
			name = Model;
			sourceTree = "<group>";
		};
		BB86CDA01CE2C1D900EFDEAE /* Wechat SDK */ = {
			isa = PBXGroup;
			children = (
				BB86CD9C1CE2C1D500EFDEAE /* libWeChatSDK.a */,
				BB86CD9D1CE2C1D500EFDEAE /* WXApi.h */,
				BB86CD9E1CE2C1D500EFDEAE /* WXApiObject.h */,
			);
			name = "Wechat SDK";
			sourceTree = "<group>";
		};
		BBF44CC71CE063B9005B5CC5 = {
			isa = PBXGroup;
			children = (
				BBF44CD21CE063BA005B5CC5 /* wegif */,
				BBF44CE71CE063BA005B5CC5 /* wegifTests */,
				BBF44CD11CE063BA005B5CC5 /* Products */,
				719E216BAEC33E3E3E55E361 /* Pods */,
				B476AECDFA2E0524A08D04FA /* Frameworks */,
			);
			sourceTree = "<group>";
		};
		BBF44CD11CE063BA005B5CC5 /* Products */ = {
			isa = PBXGroup;
			children = (
				BBF44CD01CE063BA005B5CC5 /* wegif.app */,
				BBF44CE41CE063BA005B5CC5 /* wegifTests.xctest */,
			);
			name = Products;
			sourceTree = "<group>";
		};
		BBF44CD21CE063BA005B5CC5 /* wegif */ = {
			isa = PBXGroup;
			children = (
				BBF44D0E1CE0F4AD005B5CC5 /* Common */,
				BBF44CF51CE07CF9005B5CC5 /* Modules */,
				BBF44CF31CE065C2005B5CC5 /* AppDependencies.swift */,
				BBF44CD31CE063BA005B5CC5 /* AppDelegate.swift */,
				BBF44CD71CE063BA005B5CC5 /* Main.storyboard */,
				BBF44CDA1CE063BA005B5CC5 /* Assets.xcassets */,
				BBF44CDC1CE063BA005B5CC5 /* LaunchScreen.storyboard */,
				BBF44CDF1CE063BA005B5CC5 /* Info.plist */,
				BB86CDA11CE2C1F700EFDEAE /* wegif-Bridging-Header.h */,
			);
			path = wegif;
			sourceTree = "<group>";
		};
		BBF44CE71CE063BA005B5CC5 /* wegifTests */ = {
			isa = PBXGroup;
			children = (
				BBF44CE81CE063BA005B5CC5 /* wegifTests.swift */,
				BBF44CEA1CE063BA005B5CC5 /* Info.plist */,
			);
			path = wegifTests;
			sourceTree = "<group>";
		};
		BBF44CF51CE07CF9005B5CC5 /* Modules */ = {
			isa = PBXGroup;
			children = (
				BB86CD811CE238C100EFDEAE /* Sharing */,
				BBF44CF61CE07D0C005B5CC5 /* Gallery */,
			);
			name = Modules;
			sourceTree = "<group>";
		};
		BBF44CF61CE07D0C005B5CC5 /* Gallery */ = {
			isa = PBXGroup;
			children = (
				BBF44CF71CE07EE6005B5CC5 /* Application Logic */,
				BBF44CF81CE07EF0005B5CC5 /* Module Interface */,
				BBF44CF91CE07F03005B5CC5 /* User Interface */,
			);
			name = Gallery;
			sourceTree = "<group>";
		};
		BBF44CF71CE07EE6005B5CC5 /* Application Logic */ = {
			isa = PBXGroup;
			children = (
				BB23727F1CE1E8B800ED4065 /* Service */,
				BBF44CFA1CE07F68005B5CC5 /* Interactor */,
				BBF44CFB1CE07F76005B5CC5 /* Manager */,
			);
			name = "Application Logic";
			sourceTree = "<group>";
		};
		BBF44CF81CE07EF0005B5CC5 /* Module Interface */ = {
			isa = PBXGroup;
			children = (
				BBF44D0A1CE084EF005B5CC5 /* GalleryModuleInterface.swift */,
			);
			name = "Module Interface";
			sourceTree = "<group>";
		};
		BBF44CF91CE07F03005B5CC5 /* User Interface */ = {
			isa = PBXGroup;
			children = (
				BBF44CFD1CE07FEF005B5CC5 /* Presenter */,
				BBF44CFE1CE07FF5005B5CC5 /* View */,
				BBF44CFF1CE08001005B5CC5 /* Wireframe */,
			);
			name = "User Interface";
			sourceTree = "<group>";
		};
		BBF44CFA1CE07F68005B5CC5 /* Interactor */ = {
			isa = PBXGroup;
			children = (
				BBF44D061CE083E3005B5CC5 /* GalleryInteractor.swift */,
				BB23726D1CE1D33500ED4065 /* GalleryInteractorInput.swift */,
				BB23726F1CE1D34200ED4065 /* GalleryInteractorOutput.swift */,
			);
			name = Interactor;
			sourceTree = "<group>";
		};
		BBF44CFB1CE07F76005B5CC5 /* Manager */ = {
			isa = PBXGroup;
			children = (
				BB2372711CE1D86D00ED4065 /* GalleryDataManager.swift */,
				BB2372781CE1DF5B00ED4065 /* GalleryManagerProtocol.swift */,
			);
			name = Manager;
			sourceTree = "<group>";
		};
		BBF44CFD1CE07FEF005B5CC5 /* Presenter */ = {
			isa = PBXGroup;
			children = (
				BBF44D021CE08350005B5CC5 /* GalleryPresenter.swift */,
			);
			name = Presenter;
			sourceTree = "<group>";
		};
		BBF44CFE1CE07FF5005B5CC5 /* View */ = {
			isa = PBXGroup;
			children = (
				BB86CD7E1CE22D2600EFDEAE /* Cell */,
				BBF44D001CE08027005B5CC5 /* GalleryViewController.swift */,
				BB86CD781CE22CB800EFDEAE /* GalleryViewDatasource.swift */,
				BBF44D081CE0842E005B5CC5 /* GalleryViewInterface.swift */,
			);
			name = View;
			sourceTree = "<group>";
		};
		BBF44CFF1CE08001005B5CC5 /* Wireframe */ = {
			isa = PBXGroup;
			children = (
				BBF44D0C1CE0F1FD005B5CC5 /* GalleryWireframe.swift */,
			);
			name = Wireframe;
			sourceTree = "<group>";
		};
		BBF44D0E1CE0F4AD005B5CC5 /* Common */ = {
			isa = PBXGroup;
			children = (
				BB86CDA01CE2C1D900EFDEAE /* Wechat SDK */,
				BB86CD9B1CE2B8BF00EFDEAE /* Model */,
				BB23727C1CE1DFDB00ED4065 /* Network */,
				BBF44D111CE0F51F005B5CC5 /* Extensions */,
			);
			name = Common;
			sourceTree = "<group>";
		};
		BBF44D111CE0F51F005B5CC5 /* Extensions */ = {
			isa = PBXGroup;
			children = (
				BBF44D0F1CE0F519005B5CC5 /* UIViewController+Extensions.swift */,
			);
			name = Extensions;
			sourceTree = "<group>";
		};
/* End PBXGroup section */

/* Begin PBXNativeTarget section */
		BBF44CCF1CE063B9005B5CC5 /* wegif */ = {
			isa = PBXNativeTarget;
			buildConfigurationList = BBF44CED1CE063BA005B5CC5 /* Build configuration list for PBXNativeTarget "wegif" */;
			buildPhases = (
				34D9178A501A66B86C43172B /* Check Pods Manifest.lock */,
				BBF44CCC1CE063B9005B5CC5 /* Sources */,
				BBF44CCD1CE063B9005B5CC5 /* Frameworks */,
				BBF44CCE1CE063B9005B5CC5 /* Resources */,
				798137B6A4455F820CE443D7 /* Embed Pods Frameworks */,
				08D545DD7DE4ADA5003025FD /* Copy Pods Resources */,
			);
			buildRules = (
			);
			dependencies = (
			);
			name = wegif;
			productName = wegif;
			productReference = BBF44CD01CE063BA005B5CC5 /* wegif.app */;
			productType = "com.apple.product-type.application";
		};
		BBF44CE31CE063BA005B5CC5 /* wegifTests */ = {
			isa = PBXNativeTarget;
			buildConfigurationList = BBF44CF01CE063BA005B5CC5 /* Build configuration list for PBXNativeTarget "wegifTests" */;
			buildPhases = (
				BBF44CE01CE063BA005B5CC5 /* Sources */,
				BBF44CE11CE063BA005B5CC5 /* Frameworks */,
				BBF44CE21CE063BA005B5CC5 /* Resources */,
			);
			buildRules = (
			);
			dependencies = (
				BBF44CE61CE063BA005B5CC5 /* PBXTargetDependency */,
			);
			name = wegifTests;
			productName = wegifTests;
			productReference = BBF44CE41CE063BA005B5CC5 /* wegifTests.xctest */;
			productType = "com.apple.product-type.bundle.unit-test";
		};
/* End PBXNativeTarget section */

/* Begin PBXProject section */
		BBF44CC81CE063B9005B5CC5 /* Project object */ = {
			isa = PBXProject;
			attributes = {
				LastSwiftUpdateCheck = 0730;
				LastUpgradeCheck = 0730;
				ORGANIZATIONNAME = "Remi Robert";
				TargetAttributes = {
					BBF44CCF1CE063B9005B5CC5 = {
						CreatedOnToolsVersion = 7.3;
					};
					BBF44CE31CE063BA005B5CC5 = {
						CreatedOnToolsVersion = 7.3;
						TestTargetID = BBF44CCF1CE063B9005B5CC5;
					};
				};
			};
			buildConfigurationList = BBF44CCB1CE063B9005B5CC5 /* Build configuration list for PBXProject "wegif" */;
			compatibilityVersion = "Xcode 3.2";
			developmentRegion = English;
			hasScannedForEncodings = 0;
			knownRegions = (
				en,
				Base,
			);
			mainGroup = BBF44CC71CE063B9005B5CC5;
			productRefGroup = BBF44CD11CE063BA005B5CC5 /* Products */;
			projectDirPath = "";
			projectRoot = "";
			targets = (
				BBF44CCF1CE063B9005B5CC5 /* wegif */,
				BBF44CE31CE063BA005B5CC5 /* wegifTests */,
			);
		};
/* End PBXProject section */

/* Begin PBXResourcesBuildPhase section */
		BBF44CCE1CE063B9005B5CC5 /* Resources */ = {
			isa = PBXResourcesBuildPhase;
			buildActionMask = 2147483647;
			files = (
				BBF44CDE1CE063BA005B5CC5 /* LaunchScreen.storyboard in Resources */,
				BB86CD7D1CE22D2200EFDEAE /* GalleryCollectionViewCell.xib in Resources */,
				BBF44CDB1CE063BA005B5CC5 /* Assets.xcassets in Resources */,
				BBF44CD91CE063BA005B5CC5 /* Main.storyboard in Resources */,
			);
			runOnlyForDeploymentPostprocessing = 0;
		};
		BBF44CE21CE063BA005B5CC5 /* Resources */ = {
			isa = PBXResourcesBuildPhase;
			buildActionMask = 2147483647;
			files = (
			);
			runOnlyForDeploymentPostprocessing = 0;
		};
/* End PBXResourcesBuildPhase section */

/* Begin PBXShellScriptBuildPhase section */
		08D545DD7DE4ADA5003025FD /* Copy Pods Resources */ = {
			isa = PBXShellScriptBuildPhase;
			buildActionMask = 2147483647;
			files = (
			);
			inputPaths = (
			);
			name = "Copy Pods Resources";
			outputPaths = (
			);
			runOnlyForDeploymentPostprocessing = 0;
			shellPath = /bin/sh;
			shellScript = "\"${SRCROOT}/Pods/Target Support Files/Pods/Pods-resources.sh\"\n";
			showEnvVarsInLog = 0;
		};
		34D9178A501A66B86C43172B /* Check Pods Manifest.lock */ = {
			isa = PBXShellScriptBuildPhase;
			buildActionMask = 2147483647;
			files = (
			);
			inputPaths = (
			);
			name = "Check Pods Manifest.lock";
			outputPaths = (
			);
			runOnlyForDeploymentPostprocessing = 0;
			shellPath = /bin/sh;
			shellScript = "diff \"${PODS_ROOT}/../Podfile.lock\" \"${PODS_ROOT}/Manifest.lock\" > /dev/null\nif [[ $? != 0 ]] ; then\n    cat << EOM\nerror: The sandbox is not in sync with the Podfile.lock. Run 'pod install' or update your CocoaPods installation.\nEOM\n    exit 1\nfi\n";
			showEnvVarsInLog = 0;
		};
		798137B6A4455F820CE443D7 /* Embed Pods Frameworks */ = {
			isa = PBXShellScriptBuildPhase;
			buildActionMask = 2147483647;
			files = (
			);
			inputPaths = (
			);
			name = "Embed Pods Frameworks";
			outputPaths = (
			);
			runOnlyForDeploymentPostprocessing = 0;
			shellPath = /bin/sh;
			shellScript = "\"${SRCROOT}/Pods/Target Support Files/Pods/Pods-frameworks.sh\"\n";
			showEnvVarsInLog = 0;
		};
/* End PBXShellScriptBuildPhase section */

/* Begin PBXSourcesBuildPhase section */
		BBF44CCC1CE063B9005B5CC5 /* Sources */ = {
			isa = PBXSourcesBuildPhase;
			buildActionMask = 2147483647;
			files = (
				BB23727E1CE1E8B300ED4065 /* GalleryService.swift in Sources */,
				BB2372721CE1D86D00ED4065 /* GalleryDataManager.swift in Sources */,
				BB86CD8C1CE2412200EFDEAE /* ShareViewController.swift in Sources */,
				BB86CD801CE22DD400EFDEAE /* GalleryCellProtocol.swift in Sources */,
				BB86CD8E1CE2413500EFDEAE /* ShareWireframe.swift in Sources */,
				BBF44D011CE08027005B5CC5 /* GalleryViewController.swift in Sources */,
				BBF44D031CE08350005B5CC5 /* GalleryPresenter.swift in Sources */,
				BBF44CF41CE065C2005B5CC5 /* AppDependencies.swift in Sources */,
				BBF44D0D1CE0F1FD005B5CC5 /* GalleryWireframe.swift in Sources */,
				BB86CD791CE22CB800EFDEAE /* GalleryViewDatasource.swift in Sources */,
				BB86CD7C1CE22D2200EFDEAE /* GalleryCollectionViewCell.swift in Sources */,
				BB23727B1CE1DFD800ED4065 /* Network.swift in Sources */,
				BB2372701CE1D34200ED4065 /* GalleryInteractorOutput.swift in Sources */,
				BB86CD961CE2425000EFDEAE /* ShareInteractorInput.swift in Sources */,
				BB86CD921CE2416200EFDEAE /* ShareModuleInterface.swift in Sources */,
				BB2372791CE1DF5B00ED4065 /* GalleryManagerProtocol.swift in Sources */,
				BBF44D101CE0F519005B5CC5 /* UIViewController+Extensions.swift in Sources */,
				BBF44D091CE0842E005B5CC5 /* GalleryViewInterface.swift in Sources */,
				BB86CD9A1CE242F700EFDEAE /* ShareViewInterface.swift in Sources */,
				BB86CD901CE2414100EFDEAE /* SharePresenter.swift in Sources */,
				BB86CD981CE2425C00EFDEAE /* ShareInteractorOutput.swift in Sources */,
				BB86CDA31CE2C5B700EFDEAE /* ShareDataManager.swift in Sources */,
				BB23726E1CE1D33500ED4065 /* GalleryInteractorInput.swift in Sources */,
				BBF44CD41CE063BA005B5CC5 /* AppDelegate.swift in Sources */,
				BBF44D0B1CE084EF005B5CC5 /* GalleryModuleInterface.swift in Sources */,
				BB2372771CE1DDB100ED4065 /* Gif.swift in Sources */,
				BB86CDA51CE2C5BE00EFDEAE /* ShareProtocol.swift in Sources */,
				BB86CD941CE2417A00EFDEAE /* ShareInteractor.swift in Sources */,
				BBF44D071CE083E3005B5CC5 /* GalleryInteractor.swift in Sources */,
			);
			runOnlyForDeploymentPostprocessing = 0;
		};
		BBF44CE01CE063BA005B5CC5 /* Sources */ = {
			isa = PBXSourcesBuildPhase;
			buildActionMask = 2147483647;
			files = (
				BBF44CE91CE063BA005B5CC5 /* wegifTests.swift in Sources */,
			);
			runOnlyForDeploymentPostprocessing = 0;
		};
/* End PBXSourcesBuildPhase section */

/* Begin PBXTargetDependency section */
		BBF44CE61CE063BA005B5CC5 /* PBXTargetDependency */ = {
			isa = PBXTargetDependency;
			target = BBF44CCF1CE063B9005B5CC5 /* wegif */;
			targetProxy = BBF44CE51CE063BA005B5CC5 /* PBXContainerItemProxy */;
		};
/* End PBXTargetDependency section */

/* Begin PBXVariantGroup section */
		BBF44CD71CE063BA005B5CC5 /* Main.storyboard */ = {
			isa = PBXVariantGroup;
			children = (
				BBF44CD81CE063BA005B5CC5 /* Base */,
			);
			name = Main.storyboard;
			sourceTree = "<group>";
		};
		BBF44CDC1CE063BA005B5CC5 /* LaunchScreen.storyboard */ = {
			isa = PBXVariantGroup;
			children = (
				BBF44CDD1CE063BA005B5CC5 /* Base */,
			);
			name = LaunchScreen.storyboard;
			sourceTree = "<group>";
		};
/* End PBXVariantGroup section */

/* Begin XCBuildConfiguration section */
		BBF44CEB1CE063BA005B5CC5 /* Debug */ = {
			isa = XCBuildConfiguration;
			buildSettings = {
				ALWAYS_SEARCH_USER_PATHS = NO;
				CLANG_ANALYZER_NONNULL = YES;
				CLANG_CXX_LANGUAGE_STANDARD = "gnu++0x";
				CLANG_CXX_LIBRARY = "libc++";
				CLANG_ENABLE_MODULES = YES;
				CLANG_ENABLE_OBJC_ARC = YES;
				CLANG_WARN_BOOL_CONVERSION = YES;
				CLANG_WARN_CONSTANT_CONVERSION = YES;
				CLANG_WARN_DIRECT_OBJC_ISA_USAGE = YES_ERROR;
				CLANG_WARN_EMPTY_BODY = YES;
				CLANG_WARN_ENUM_CONVERSION = YES;
				CLANG_WARN_INT_CONVERSION = YES;
				CLANG_WARN_OBJC_ROOT_CLASS = YES_ERROR;
				CLANG_WARN_UNREACHABLE_CODE = YES;
				CLANG_WARN__DUPLICATE_METHOD_MATCH = YES;
				"CODE_SIGN_IDENTITY[sdk=iphoneos*]" = "iPhone Developer";
				COPY_PHASE_STRIP = NO;
				DEBUG_INFORMATION_FORMAT = dwarf;
				ENABLE_STRICT_OBJC_MSGSEND = YES;
				ENABLE_TESTABILITY = YES;
				GCC_C_LANGUAGE_STANDARD = gnu99;
				GCC_DYNAMIC_NO_PIC = NO;
				GCC_NO_COMMON_BLOCKS = YES;
				GCC_OPTIMIZATION_LEVEL = 0;
				GCC_PREPROCESSOR_DEFINITIONS = (
					"DEBUG=1",
					"$(inherited)",
				);
				GCC_WARN_64_TO_32_BIT_CONVERSION = YES;
				GCC_WARN_ABOUT_RETURN_TYPE = YES_ERROR;
				GCC_WARN_UNDECLARED_SELECTOR = YES;
				GCC_WARN_UNINITIALIZED_AUTOS = YES_AGGRESSIVE;
				GCC_WARN_UNUSED_FUNCTION = YES;
				GCC_WARN_UNUSED_VARIABLE = YES;
				IPHONEOS_DEPLOYMENT_TARGET = 9.3;
				MTL_ENABLE_DEBUG_INFO = YES;
				ONLY_ACTIVE_ARCH = YES;
				SDKROOT = iphoneos;
				SWIFT_OPTIMIZATION_LEVEL = "-Onone";
				TARGETED_DEVICE_FAMILY = "1,2";
			};
			name = Debug;
		};
		BBF44CEC1CE063BA005B5CC5 /* Release */ = {
			isa = XCBuildConfiguration;
			buildSettings = {
				ALWAYS_SEARCH_USER_PATHS = NO;
				CLANG_ANALYZER_NONNULL = YES;
				CLANG_CXX_LANGUAGE_STANDARD = "gnu++0x";
				CLANG_CXX_LIBRARY = "libc++";
				CLANG_ENABLE_MODULES = YES;
				CLANG_ENABLE_OBJC_ARC = YES;
				CLANG_WARN_BOOL_CONVERSION = YES;
				CLANG_WARN_CONSTANT_CONVERSION = YES;
				CLANG_WARN_DIRECT_OBJC_ISA_USAGE = YES_ERROR;
				CLANG_WARN_EMPTY_BODY = YES;
				CLANG_WARN_ENUM_CONVERSION = YES;
				CLANG_WARN_INT_CONVERSION = YES;
				CLANG_WARN_OBJC_ROOT_CLASS = YES_ERROR;
				CLANG_WARN_UNREACHABLE_CODE = YES;
				CLANG_WARN__DUPLICATE_METHOD_MATCH = YES;
				"CODE_SIGN_IDENTITY[sdk=iphoneos*]" = "iPhone Developer";
				COPY_PHASE_STRIP = NO;
				DEBUG_INFORMATION_FORMAT = "dwarf-with-dsym";
				ENABLE_NS_ASSERTIONS = NO;
				ENABLE_STRICT_OBJC_MSGSEND = YES;
				GCC_C_LANGUAGE_STANDARD = gnu99;
				GCC_NO_COMMON_BLOCKS = YES;
				GCC_WARN_64_TO_32_BIT_CONVERSION = YES;
				GCC_WARN_ABOUT_RETURN_TYPE = YES_ERROR;
				GCC_WARN_UNDECLARED_SELECTOR = YES;
				GCC_WARN_UNINITIALIZED_AUTOS = YES_AGGRESSIVE;
				GCC_WARN_UNUSED_FUNCTION = YES;
				GCC_WARN_UNUSED_VARIABLE = YES;
				IPHONEOS_DEPLOYMENT_TARGET = 9.3;
				MTL_ENABLE_DEBUG_INFO = NO;
				SDKROOT = iphoneos;
				TARGETED_DEVICE_FAMILY = "1,2";
				VALIDATE_PRODUCT = YES;
			};
			name = Release;
		};
		BBF44CEE1CE063BA005B5CC5 /* Debug */ = {
			isa = XCBuildConfiguration;
			baseConfigurationReference = 685719388FA1F0616160E4B9 /* Pods.debug.xcconfig */;
			buildSettings = {
				ASSETCATALOG_COMPILER_APPICON_NAME = AppIcon;
				ENABLE_BITCODE = NO;
				INFOPLIST_FILE = wegif/Info.plist;
				LD_RUNPATH_SEARCH_PATHS = "$(inherited) @executable_path/Frameworks";
				LIBRARY_SEARCH_PATHS = (
					"$(inherited)",
					"$(PROJECT_DIR)/wegif",
				);
				PRODUCT_BUNDLE_IDENTIFIER = com.remirobert.wegif;
				PRODUCT_NAME = "$(TARGET_NAME)";
				SWIFT_OBJC_BRIDGING_HEADER = "wegif/wegif-Bridging-Header.h";
			};
			name = Debug;
		};
		BBF44CEF1CE063BA005B5CC5 /* Release */ = {
			isa = XCBuildConfiguration;
			baseConfigurationReference = 3CF1277EC9C507F0BE1ABA53 /* Pods.release.xcconfig */;
			buildSettings = {
				ASSETCATALOG_COMPILER_APPICON_NAME = AppIcon;
				ENABLE_BITCODE = NO;
				INFOPLIST_FILE = wegif/Info.plist;
				LD_RUNPATH_SEARCH_PATHS = "$(inherited) @executable_path/Frameworks";
				LIBRARY_SEARCH_PATHS = (
					"$(inherited)",
					"$(PROJECT_DIR)/wegif",
				);
				PRODUCT_BUNDLE_IDENTIFIER = com.remirobert.wegif;
				PRODUCT_NAME = "$(TARGET_NAME)";
				SWIFT_OBJC_BRIDGING_HEADER = "wegif/wegif-Bridging-Header.h";
			};
			name = Release;
		};
		BBF44CF11CE063BA005B5CC5 /* Debug */ = {
			isa = XCBuildConfiguration;
			buildSettings = {
				BUNDLE_LOADER = "$(TEST_HOST)";
				INFOPLIST_FILE = wegifTests/Info.plist;
				LD_RUNPATH_SEARCH_PATHS = "$(inherited) @executable_path/Frameworks @loader_path/Frameworks";
				PRODUCT_BUNDLE_IDENTIFIER = com.remirobert.wegifTests;
				PRODUCT_NAME = "$(TARGET_NAME)";
				TEST_HOST = "$(BUILT_PRODUCTS_DIR)/wegif.app/wegif";
			};
			name = Debug;
		};
		BBF44CF21CE063BA005B5CC5 /* Release */ = {
			isa = XCBuildConfiguration;
			buildSettings = {
				BUNDLE_LOADER = "$(TEST_HOST)";
				INFOPLIST_FILE = wegifTests/Info.plist;
				LD_RUNPATH_SEARCH_PATHS = "$(inherited) @executable_path/Frameworks @loader_path/Frameworks";
				PRODUCT_BUNDLE_IDENTIFIER = com.remirobert.wegifTests;
				PRODUCT_NAME = "$(TARGET_NAME)";
				TEST_HOST = "$(BUILT_PRODUCTS_DIR)/wegif.app/wegif";
			};
			name = Release;
		};
/* End XCBuildConfiguration section */

/* Begin XCConfigurationList section */
		BBF44CCB1CE063B9005B5CC5 /* Build configuration list for PBXProject "wegif" */ = {
			isa = XCConfigurationList;
			buildConfigurations = (
				BBF44CEB1CE063BA005B5CC5 /* Debug */,
				BBF44CEC1CE063BA005B5CC5 /* Release */,
			);
			defaultConfigurationIsVisible = 0;
			defaultConfigurationName = Release;
		};
		BBF44CED1CE063BA005B5CC5 /* Build configuration list for PBXNativeTarget "wegif" */ = {
			isa = XCConfigurationList;
			buildConfigurations = (
				BBF44CEE1CE063BA005B5CC5 /* Debug */,
				BBF44CEF1CE063BA005B5CC5 /* Release */,
			);
			defaultConfigurationIsVisible = 0;
			defaultConfigurationName = Release;
		};
		BBF44CF01CE063BA005B5CC5 /* Build configuration list for PBXNativeTarget "wegifTests" */ = {
			isa = XCConfigurationList;
			buildConfigurations = (
				BBF44CF11CE063BA005B5CC5 /* Debug */,
				BBF44CF21CE063BA005B5CC5 /* Release */,
			);
			defaultConfigurationIsVisible = 0;
			defaultConfigurationName = Release;
		};
/* End XCConfigurationList section */
	};
	rootObject = BBF44CC81CE063B9005B5CC5 /* Project object */;
}
